
Microsoft Visual Studio Solution File, Format Version 12.00
# Visual Studio Version 17
VisualStudioVersion = 17.9.34728.123
MinimumVisualStudioVersion = 10.0.40219.1
Project("{FAE04EC0-301F-11D3-BF4B-00C04F79EFBC}") = "multi1", "multi1\multi1.csproj", "{07FD312B-6FBB-4B75-A1E6-8295C14B1944}"
EndProject
Global
	GlobalSection(SolutionConfigurationPlatforms) = preSolution
		Debug|Any CPU = Debug|Any CPU
		Release|Any CPU = Release|Any CPU
	EndGlobalSection
	GlobalSection(ProjectConfigurationPlatforms) = postSolution
		{07FD312B-6FBB-4B75-A1E6-8295C14B1944}.Debug|Any CPU.ActiveCfg = Debug|Any CPU
		{07FD312B-6FBB-4B75-A1E6-8295C14B1944}.Debug|Any CPU.Build.0 = Debug|Any CPU
		{07FD312B-6FBB-4B75-A1E6-8295C14B1944}.Release|Any CPU.ActiveCfg = Release|Any CPU
		{07FD312B-6FBB-4B75-A1E6-8295C14B1944}.Release|Any CPU.Build.0 = Release|Any CPU
	EndGlobalSection
	GlobalSection(SolutionProperties) = preSolution
		HideSolutionNode = FALSE
	EndGlobalSection
	GlobalSection(ExtensibilityGlobals) = postSolution
		SolutionGuid = {28DECE7D-2513-4081-93B6-55EB7F4D9CB6}
	EndGlobalSection
EndGlobal
